<?xml version="1.0" encoding="utf-8"?>
<Project ToolsVersion="4.0" xmlns="http://schemas.microsoft.com/developer/msbuild/2003">
  <ItemGroup>
    <Filter Include="Source Files">
      <UniqueIdentifier>{4FC737F1-C7A5-4376-A066-2A32D752A2FF}</UniqueIdentifier>
      <Extensions>cpp;c;cc;cxx;def;odl;idl;hpj;bat;asm;asmx</Extensions>
    </Filter>
    <Filter Include="Resource Files">
      <UniqueIdentifier>{67DA6AB6-F800-4c08-8B7A-83BB121AAD01}</UniqueIdentifier>
      <Extensions>rc;ico;cur;bmp;dlg;rc2;rct;bin;rgs;gif;jpg;jpeg;jpe;resx;tiff;tif;png;wav;mfcribbon-ms</Extensions>
    </Filter>
    <Filter Include="SpacePartition">
      <UniqueIdentifier>{f5b6b000-9d63-46e4-a056-4ecd281ec893}</UniqueIdentifier>
    </Filter>
    <Filter Include="Model">
      <UniqueIdentifier>{9e64c776-4356-4dd1-b5fd-9dbfbc8becf7}</UniqueIdentifier>
    </Filter>
    <Filter Include="CollisionDetection">
      <UniqueIdentifier>{1e06df6c-7733-4ff3-93ff-c655e4642d0f}</UniqueIdentifier>
    </Filter>
    <Filter Include="Model\ModelFactory">
      <UniqueIdentifier>{d3c3cfee-fb56-4c3f-b343-48c9e1108f6c}</UniqueIdentifier>
    </Filter>
    <Filter Include="Utilities">
      <UniqueIdentifier>{e8d37a6f-06e2-481e-9d67-6b5c5791bdb5}</UniqueIdentifier>
    </Filter>
  </ItemGroup>
  <ItemGroup>
    <ClCompile Include="Engine\Src\Game.cpp">
      <Filter>Source Files</Filter>
    </ClCompile>
    <ClCompile Include="Engine\Src\BVHModelCreator.cpp">
      <Filter>Model\ModelFactory</Filter>
    </ClCompile>
    <ClCompile Include="Engine\Src\BVH.cpp">
      <Filter>SpacePartition</Filter>
    </ClCompile>
    <ClCompile Include="Engine\Src\Model.cpp">
      <Filter>Model</Filter>
    </ClCompile>
    <ClCompile Include="Engine\Src\ModelCreator.cpp">
      <Filter>Model\ModelFactory</Filter>
    </ClCompile>
    <ClCompile Include="Engine\Src\Mesh.cpp">
      <Filter>Model</Filter>
    </ClCompile>
    <ClCompile Include="Engine\Src\MeshModel.cpp">
      <Filter>Model</Filter>
    </ClCompile>
    <ClCompile Include="Engine\Src\MeshModelBVH.cpp">
      <Filter>Model</Filter>
    </ClCompile>
    <ClCompile Include="Engine\Src\KdTree.cpp">
      <Filter>SpacePartition</Filter>
    </ClCompile>
    <ClCompile Include="Engine\Src\ClosestPointTest.cpp">
      <Filter>CollisionDetection</Filter>
    </ClCompile>
  </ItemGroup>
  <ItemGroup>
    <ClInclude Include="Engine\Src\BBox.h">
      <Filter>SpacePartition</Filter>
    </ClInclude>
    <ClInclude Include="Engine\Src\BVH.h">
      <Filter>SpacePartition</Filter>
    </ClInclude>
    <ClInclude Include="Engine\Src\BVHModelCreator.h">
      <Filter>Model\ModelFactory</Filter>
    </ClInclude>
    <ClInclude Include="Engine\Src\KdTree.h">
      <Filter>SpacePartition</Filter>
    </ClInclude>
    <ClInclude Include="Engine\Src\SinglePointModel.h">
      <Filter>Model</Filter>
    </ClInclude>
    <ClInclude Include="Engine\Src\Model.h">
      <Filter>Model</Filter>
    </ClInclude>
    <ClInclude Include="Engine\Src\ModelCreator.h">
      <Filter>Model\ModelFactory</Filter>
    </ClInclude>
    <ClInclude Include="Engine\Src\MeshModelBVH.h">
      <Filter>Model</Filter>
    </ClInclude>
    <ClInclude Include="Engine\Src\MeshModel.h">
      <Filter>Model</Filter>
    </ClInclude>
    <ClInclude Include="Engine\Src\Mesh.h">
      <Filter>Model</Filter>
    </ClInclude>
    <ClInclude Include="Engine\Src\ClosestPointTest.h">
      <Filter>CollisionDetection</Filter>
    </ClInclude>
    <ClInclude Include="Engine\Src\Game.h">
      <Filter>Source Files</Filter>
    </ClInclude>
  </ItemGroup>
</Project>