<?xml version="1.0" encoding="utf-8"?>
<Project ToolsVersion="4.0" xmlns="http://schemas.microsoft.com/developer/msbuild/2003">
  <ItemGroup>
    <Filter Include="Source Files">
      <UniqueIdentifier>{4FC737F1-C7A5-4376-A066-2A32D752A2FF}</UniqueIdentifier>
      <Extensions>cpp;c;cc;cxx;def;odl;idl;hpj;bat;asm;asmx</Extensions>
    </Filter>
    <Filter Include="Header Files">
      <UniqueIdentifier>{93995380-89BD-4b04-88EB-625FBE52EBFB}</UniqueIdentifier>
      <Extensions>h;hh;hpp;hxx;hm;inl;inc;ipp;xsd</Extensions>
    </Filter>
    <Filter Include="Resource Files">
      <UniqueIdentifier>{67DA6AB6-F800-4c08-8B7A-83BB121AAD01}</UniqueIdentifier>
      <Extensions>rc;ico;cur;bmp;dlg;rc2;rct;bin;rgs;gif;jpg;jpeg;jpe;resx;tiff;tif;png;wav;mfcribbon-ms</Extensions>
    </Filter>
    <Filter Include="Source Files\ShaderObject">
      <UniqueIdentifier>{ffdbd9bb-4028-444d-8743-1e99d496416b}</UniqueIdentifier>
    </Filter>
    <Filter Include="Resource Files\GLSLShaders">
      <UniqueIdentifier>{424d5154-6ce8-4169-b92c-cf285f3ab728}</UniqueIdentifier>
    </Filter>
    <Filter Include="glad">
      <UniqueIdentifier>{f94c17f8-cc13-4ebc-a5f0-4c7aaa88c595}</UniqueIdentifier>
    </Filter>
    <Filter Include="Source Files\Model">
      <UniqueIdentifier>{9e64c776-4356-4dd1-b5fd-9dbfbc8becf7}</UniqueIdentifier>
    </Filter>
    <Filter Include="GLObjects">
      <UniqueIdentifier>{384b33d3-e532-4368-9d3e-f1da6f3a77b7}</UniqueIdentifier>
    </Filter>
  </ItemGroup>
  <ItemGroup>
    <ClCompile Include="Game.cpp">
      <Filter>Source Files</Filter>
    </ClCompile>
    <ClCompile Include="ShaderObject\ShaderObject.cpp">
      <Filter>Source Files\ShaderObject</Filter>
    </ClCompile>
    <ClCompile Include="ShaderObject\ShaderProgram.cpp">
      <Filter>Source Files\ShaderObject</Filter>
    </ClCompile>
    <ClCompile Include="glad\glad.c">
      <Filter>glad</Filter>
    </ClCompile>
    <ClCompile Include="Model.cpp">
      <Filter>Source Files\Model</Filter>
    </ClCompile>
    <ClCompile Include="Camera.cpp">
      <Filter>Source Files</Filter>
    </ClCompile>
    <ClCompile Include="Mesh.cpp">
      <Filter>Source Files\Model</Filter>
    </ClCompile>
    <ClCompile Include="GLObject.cpp">
      <Filter>GLObjects</Filter>
    </ClCompile>
  </ItemGroup>
  <ItemGroup>
    <ClInclude Include="Game.h">
      <Filter>Header Files</Filter>
    </ClInclude>
    <ClInclude Include="ShaderObject\ShaderObject.h">
      <Filter>Source Files\ShaderObject</Filter>
    </ClInclude>
    <ClInclude Include="ShaderObject\ShaderProgram.h">
      <Filter>Source Files\ShaderObject</Filter>
    </ClInclude>
    <ClInclude Include="Model.h">
      <Filter>Source Files\Model</Filter>
    </ClInclude>
    <ClInclude Include="Mesh.h">
      <Filter>Source Files\Model</Filter>
    </ClInclude>
    <ClInclude Include="Camera.h">
      <Filter>Source Files</Filter>
    </ClInclude>
    <ClInclude Include="Utilities.h">
      <Filter>Header Files</Filter>
    </ClInclude>
    <ClInclude Include="GLObject.h">
      <Filter>GLObjects</Filter>
    </ClInclude>
  </ItemGroup>
  <ItemGroup>
    <None Include="GLSLShaders\fragmentShader.fs.glsl">
      <Filter>Resource Files\GLSLShaders</Filter>
    </None>
    <None Include="GLSLShaders\vertexShader.vs.glsl">
      <Filter>Resource Files\GLSLShaders</Filter>
    </None>
    <None Include="GLSLShaders\modelVertexShader.vs.glsl">
      <Filter>Resource Files\GLSLShaders</Filter>
    </None>
    <None Include="GLSLShaders\modelFragmentShader.fs.glsl">
      <Filter>Resource Files\GLSLShaders</Filter>
    </None>
  </ItemGroup>
</Project>