
Microsoft Visual Studio Solution File, Format Version 12.00
# Visual Studio Version 16
VisualStudioVersion = 16.0.31702.278
MinimumVisualStudioVersion = 10.0.40219.1
Project("{8BC9CEB8-8B4A-11D0-8D11-00A0C91BC942}") = "PotatoEngine", "PotatoEngine.vcxproj", "{62CF7EB8-5EE0-4C4C-8D3D-9704CDEEEA3B}"
EndProject
Project("{8BC9CEB8-8B4A-11D0-8D11-00A0C91BC942}") = "SampleGame", "SampleGame\SampleGame.vcxproj", "{4EDF7209-A787-4094-A06C-06C1BFD2E2F3}"
	ProjectSection(ProjectDependencies) = postProject
		{62CF7EB8-5EE0-4C4C-8D3D-9704CDEEEA3B} = {62CF7EB8-5EE0-4C4C-8D3D-9704CDEEEA3B}
	EndProjectSection
EndProject
Project("{8BC9CEB8-8B4A-11D0-8D11-00A0C91BC942}") = "QueryClosestPoint", "QueryClosestPoint\QueryClosestPoint.vcxproj", "{A5DF6EB8-D14A-4701-AB8B-0A73998B7D67}"
	ProjectSection(ProjectDependencies) = postProject
		{62CF7EB8-5EE0-4C4C-8D3D-9704CDEEEA3B} = {62CF7EB8-5EE0-4C4C-8D3D-9704CDEEEA3B}
	EndProjectSection
EndProject
Global
	GlobalSection(SolutionConfigurationPlatforms) = preSolution
		Debug|x64 = Debug|x64
		Debug|x86 = Debug|x86
		Release|x64 = Release|x64
		Release|x86 = Release|x86
	EndGlobalSection
	GlobalSection(ProjectConfigurationPlatforms) = postSolution
		{62CF7EB8-5EE0-4C4C-8D3D-9704CDEEEA3B}.Debug|x64.ActiveCfg = Debug|x64
		{62CF7EB8-5EE0-4C4C-8D3D-9704CDEEEA3B}.Debug|x64.Build.0 = Debug|x64
		{62CF7EB8-5EE0-4C4C-8D3D-9704CDEEEA3B}.Debug|x86.ActiveCfg = Debug|Win32
		{62CF7EB8-5EE0-4C4C-8D3D-9704CDEEEA3B}.Debug|x86.Build.0 = Debug|Win32
		{62CF7EB8-5EE0-4C4C-8D3D-9704CDEEEA3B}.Release|x64.ActiveCfg = Release|x64
		{62CF7EB8-5EE0-4C4C-8D3D-9704CDEEEA3B}.Release|x64.Build.0 = Release|x64
		{62CF7EB8-5EE0-4C4C-8D3D-9704CDEEEA3B}.Release|x86.ActiveCfg = Release|Win32
		{62CF7EB8-5EE0-4C4C-8D3D-9704CDEEEA3B}.Release|x86.Build.0 = Release|Win32
		{4EDF7209-A787-4094-A06C-06C1BFD2E2F3}.Debug|x64.ActiveCfg = Debug|x64
		{4EDF7209-A787-4094-A06C-06C1BFD2E2F3}.Debug|x64.Build.0 = Debug|x64
		{4EDF7209-A787-4094-A06C-06C1BFD2E2F3}.Debug|x86.ActiveCfg = Debug|Win32
		{4EDF7209-A787-4094-A06C-06C1BFD2E2F3}.Debug|x86.Build.0 = Debug|Win32
		{4EDF7209-A787-4094-A06C-06C1BFD2E2F3}.Release|x64.ActiveCfg = Release|x64
		{4EDF7209-A787-4094-A06C-06C1BFD2E2F3}.Release|x64.Build.0 = Release|x64
		{4EDF7209-A787-4094-A06C-06C1BFD2E2F3}.Release|x86.ActiveCfg = Release|Win32
		{4EDF7209-A787-4094-A06C-06C1BFD2E2F3}.Release|x86.Build.0 = Release|Win32
		{A5DF6EB8-D14A-4701-AB8B-0A73998B7D67}.Debug|x64.ActiveCfg = Debug|x64
		{A5DF6EB8-D14A-4701-AB8B-0A73998B7D67}.Debug|x64.Build.0 = Debug|x64
		{A5DF6EB8-D14A-4701-AB8B-0A73998B7D67}.Debug|x86.ActiveCfg = Debug|Win32
		{A5DF6EB8-D14A-4701-AB8B-0A73998B7D67}.Debug|x86.Build.0 = Debug|Win32
		{A5DF6EB8-D14A-4701-AB8B-0A73998B7D67}.Release|x64.ActiveCfg = Release|x64
		{A5DF6EB8-D14A-4701-AB8B-0A73998B7D67}.Release|x64.Build.0 = Release|x64
		{A5DF6EB8-D14A-4701-AB8B-0A73998B7D67}.Release|x86.ActiveCfg = Release|Win32
		{A5DF6EB8-D14A-4701-AB8B-0A73998B7D67}.Release|x86.Build.0 = Release|Win32
	EndGlobalSection
	GlobalSection(SolutionProperties) = preSolution
		HideSolutionNode = FALSE
	EndGlobalSection
	GlobalSection(ExtensibilityGlobals) = postSolution
		SolutionGuid = {23096BCE-D7D6-41D3-8FA2-033CCA850F68}
	EndGlobalSection
EndGlobal
