<?xml version="1.0" encoding="utf-8"?>
<Project ToolsVersion="4.0" xmlns="http://schemas.microsoft.com/developer/msbuild/2003">
  <ItemGroup>
    <Filter Include="Source Files">
      <UniqueIdentifier>{4FC737F1-C7A5-4376-A066-2A32D752A2FF}</UniqueIdentifier>
      <Extensions>cpp;c;cc;cxx;def;odl;idl;hpj;bat;asm;asmx</Extensions>
    </Filter>
    <Filter Include="Resource Files">
      <UniqueIdentifier>{67DA6AB6-F800-4c08-8B7A-83BB121AAD01}</UniqueIdentifier>
      <Extensions>rc;ico;cur;bmp;dlg;rc2;rct;bin;rgs;gif;jpg;jpeg;jpe;resx;tiff;tif;png;wav;mfcribbon-ms</Extensions>
    </Filter>
    <Filter Include="Resource Files\GLSLShaders">
      <UniqueIdentifier>{424d5154-6ce8-4169-b92c-cf285f3ab728}</UniqueIdentifier>
    </Filter>
    <Filter Include="glad">
      <UniqueIdentifier>{f94c17f8-cc13-4ebc-a5f0-4c7aaa88c595}</UniqueIdentifier>
    </Filter>
    <Filter Include="GLObjects">
      <UniqueIdentifier>{384b33d3-e532-4368-9d3e-f1da6f3a77b7}</UniqueIdentifier>
    </Filter>
    <Filter Include="SpacePartition">
      <UniqueIdentifier>{f5b6b000-9d63-46e4-a056-4ecd281ec893}</UniqueIdentifier>
    </Filter>
    <Filter Include="Model">
      <UniqueIdentifier>{9e64c776-4356-4dd1-b5fd-9dbfbc8becf7}</UniqueIdentifier>
    </Filter>
    <Filter Include="ShaderObject">
      <UniqueIdentifier>{ffdbd9bb-4028-444d-8743-1e99d496416b}</UniqueIdentifier>
    </Filter>
    <Filter Include="CollisionDetection">
      <UniqueIdentifier>{1e06df6c-7733-4ff3-93ff-c655e4642d0f}</UniqueIdentifier>
    </Filter>
    <Filter Include="Model\ModelFactory">
      <UniqueIdentifier>{d3c3cfee-fb56-4c3f-b343-48c9e1108f6c}</UniqueIdentifier>
    </Filter>
  </ItemGroup>
  <ItemGroup>
    <ClCompile Include="ShaderObject\ShaderObject.cpp">
      <Filter>ShaderObject</Filter>
    </ClCompile>
    <ClCompile Include="ShaderObject\ShaderProgram.cpp">
      <Filter>ShaderObject</Filter>
    </ClCompile>
    <ClCompile Include="glad\glad.c">
      <Filter>glad</Filter>
    </ClCompile>
    <ClCompile Include="Src\Camera.cpp">
      <Filter>Source Files</Filter>
    </ClCompile>
    <ClCompile Include="Src\Game.cpp">
      <Filter>Source Files</Filter>
    </ClCompile>
    <ClCompile Include="Src\Mesh.cpp">
      <Filter>Source Files</Filter>
    </ClCompile>
    <ClCompile Include="Src\GLObject.cpp">
      <Filter>GLObjects</Filter>
    </ClCompile>
    <ClCompile Include="Src\KdTree.cpp">
      <Filter>SpacePartition</Filter>
    </ClCompile>
    <ClCompile Include="Src\MeshModel.cpp">
      <Filter>Model</Filter>
    </ClCompile>
    <ClCompile Include="Src\Model.cpp">
      <Filter>Model</Filter>
    </ClCompile>
    <ClCompile Include="Src\PointCloudModel.cpp">
      <Filter>Model</Filter>
    </ClCompile>
    <ClCompile Include="Src\SinglePointModel.cpp">
      <Filter>Model</Filter>
    </ClCompile>
    <ClCompile Include="Src\ClosestPointTest.cpp">
      <Filter>CollisionDetection</Filter>
    </ClCompile>
    <ClCompile Include="Src\BVH.cpp">
      <Filter>SpacePartition</Filter>
    </ClCompile>
    <ClCompile Include="Src\MeshModelBVH.cpp">
      <Filter>Model</Filter>
    </ClCompile>
    <ClCompile Include="Src\ModelCreator.cpp">
      <Filter>Model\ModelFactory</Filter>
    </ClCompile>
    <ClCompile Include="Src\BVHModelCreator.cpp">
      <Filter>Model\ModelFactory</Filter>
    </ClCompile>
  </ItemGroup>
  <ItemGroup>
    <ClInclude Include="ShaderObject\ShaderObject.h">
      <Filter>ShaderObject</Filter>
    </ClInclude>
    <ClInclude Include="ShaderObject\ShaderProgram.h">
      <Filter>ShaderObject</Filter>
    </ClInclude>
    <ClInclude Include="Src\GLObject.h">
      <Filter>GLObjects</Filter>
    </ClInclude>
    <ClInclude Include="Src\BBox.h">
      <Filter>SpacePartition</Filter>
    </ClInclude>
    <ClInclude Include="Src\KdTree.h">
      <Filter>SpacePartition</Filter>
    </ClInclude>
    <ClInclude Include="Src\Mesh.h">
      <Filter>Model</Filter>
    </ClInclude>
    <ClInclude Include="Src\MeshModel.h">
      <Filter>Model</Filter>
    </ClInclude>
    <ClInclude Include="Src\Model.h">
      <Filter>Model</Filter>
    </ClInclude>
    <ClInclude Include="Src\PointCloudModel.h">
      <Filter>Model</Filter>
    </ClInclude>
    <ClInclude Include="Src\SinglePointModel.h">
      <Filter>Model</Filter>
    </ClInclude>
    <ClInclude Include="Src\Camera.h">
      <Filter>Source Files</Filter>
    </ClInclude>
    <ClInclude Include="Src\Game.h">
      <Filter>Source Files</Filter>
    </ClInclude>
    <ClInclude Include="Src\Utilities.h">
      <Filter>Source Files</Filter>
    </ClInclude>
    <ClInclude Include="Src\ClosestPointTest.h">
      <Filter>CollisionDetection</Filter>
    </ClInclude>
    <ClInclude Include="Src\BVH.h">
      <Filter>SpacePartition</Filter>
    </ClInclude>
    <ClInclude Include="Src\MeshModelBVH.h">
      <Filter>Model</Filter>
    </ClInclude>
    <ClInclude Include="Src\ModelCreator.h">
      <Filter>Model\ModelFactory</Filter>
    </ClInclude>
    <ClInclude Include="Src\BVHModelCreator.h">
      <Filter>Model\ModelFactory</Filter>
    </ClInclude>
  </ItemGroup>
  <ItemGroup>
    <None Include="GLSLShaders\modelVertexShader.vs.glsl">
      <Filter>Resource Files\GLSLShaders</Filter>
    </None>
    <None Include="GLSLShaders\modelFragmentShader.fs.glsl">
      <Filter>Resource Files\GLSLShaders</Filter>
    </None>
  </ItemGroup>
</Project>